
Microsoft Visual Studio Solution File, Format Version 12.00
# Visual Studio Version 17
VisualStudioVersion = 17.0.31903.59
MinimumVisualStudioVersion = 10.0.40219.1
Project("{2150E333-8FDC-42A3-9474-1A3956D46DE8}") = "Services", "Services", "{526FCE9F-800E-448A-A879-0AFD9B92E621}"
EndProject
Project("{2150E333-8FDC-42A3-9474-1A3956D46DE8}") = "Catalog", "Catalog", "{EAD864F5-C800-4F52-9026-F5BBB31C7131}"
EndProject
Project("{9A19103F-16F7-4668-BE54-9A1E7A4F7556}") = "Catalog.API", "Services\Catalog\Catalog.API\Catalog.API.csproj", "{75956BCF-C36B-4314-AD95-403BA833C3DA}"
EndProject
Project("{E53339B2-1760-4266-BCC7-CA923CBCF16C}") = "docker-compose", "docker-compose.dcproj", "{E68E83A0-F478-4EAD-B8B5-6080637FD9BE}"
EndProject
Project("{2150E333-8FDC-42A3-9474-1A3956D46DE8}") = "Basket", "Basket", "{43E3697E-4837-41D1-86CF-19DF28D08DA9}"
EndProject
Project("{FAE04EC0-301F-11D3-BF4B-00C04F79EFBC}") = "Basket.API", "Services\Basket\Basket.API\Basket.API.csproj", "{AE48217F-A40A-44D6-9BD8-D3D5ACF877A8}"
EndProject
Global
	GlobalSection(SolutionConfigurationPlatforms) = preSolution
		Debug|Any CPU = Debug|Any CPU
		Release|Any CPU = Release|Any CPU
	EndGlobalSection
	GlobalSection(ProjectConfigurationPlatforms) = postSolution
		{75956BCF-C36B-4314-AD95-403BA833C3DA}.Debug|Any CPU.ActiveCfg = Debug|Any CPU
		{75956BCF-C36B-4314-AD95-403BA833C3DA}.Debug|Any CPU.Build.0 = Debug|Any CPU
		{75956BCF-C36B-4314-AD95-403BA833C3DA}.Release|Any CPU.ActiveCfg = Release|Any CPU
		{75956BCF-C36B-4314-AD95-403BA833C3DA}.Release|Any CPU.Build.0 = Release|Any CPU
		{E68E83A0-F478-4EAD-B8B5-6080637FD9BE}.Debug|Any CPU.ActiveCfg = Debug|Any CPU
		{E68E83A0-F478-4EAD-B8B5-6080637FD9BE}.Debug|Any CPU.Build.0 = Debug|Any CPU
		{E68E83A0-F478-4EAD-B8B5-6080637FD9BE}.Release|Any CPU.ActiveCfg = Release|Any CPU
		{E68E83A0-F478-4EAD-B8B5-6080637FD9BE}.Release|Any CPU.Build.0 = Release|Any CPU
		{AE48217F-A40A-44D6-9BD8-D3D5ACF877A8}.Debug|Any CPU.ActiveCfg = Debug|Any CPU
		{AE48217F-A40A-44D6-9BD8-D3D5ACF877A8}.Debug|Any CPU.Build.0 = Debug|Any CPU
		{AE48217F-A40A-44D6-9BD8-D3D5ACF877A8}.Release|Any CPU.ActiveCfg = Release|Any CPU
		{AE48217F-A40A-44D6-9BD8-D3D5ACF877A8}.Release|Any CPU.Build.0 = Release|Any CPU
	EndGlobalSection
	GlobalSection(SolutionProperties) = preSolution
		HideSolutionNode = FALSE
	EndGlobalSection
	GlobalSection(NestedProjects) = preSolution
		{EAD864F5-C800-4F52-9026-F5BBB31C7131} = {526FCE9F-800E-448A-A879-0AFD9B92E621}
		{75956BCF-C36B-4314-AD95-403BA833C3DA} = {EAD864F5-C800-4F52-9026-F5BBB31C7131}
		{43E3697E-4837-41D1-86CF-19DF28D08DA9} = {526FCE9F-800E-448A-A879-0AFD9B92E621}
		{AE48217F-A40A-44D6-9BD8-D3D5ACF877A8} = {43E3697E-4837-41D1-86CF-19DF28D08DA9}
	EndGlobalSection
	GlobalSection(ExtensibilityGlobals) = postSolution
		SolutionGuid = {107FB077-E1E8-42FD-9D1F-631A3D182762}
	EndGlobalSection
EndGlobal
